
Microsoft Visual Studio Solution File, Format Version 12.00
# Visual Studio Version 17
VisualStudioVersion = 17.14.36915.13
MinimumVisualStudioVersion = 10.0.40219.1
Project("{FAE04EC0-301F-11D3-BF4B-00C04F79EFBC}") = "ChatAyi", "ChatAyi\ChatAyi.csproj", "{A6F786C0-5A4C-4AA6-9B94-559A10947493}"
EndProject
Project("{FAE04EC0-301F-11D3-BF4B-00C04F79EFBC}") = "ChatAyi.Search.Tests", "ChatAyi.Search.Tests\ChatAyi.Search.Tests.csproj", "{F21ADCEC-C30D-448A-B059-A7CF5B3FB0FD}"
EndProject
Project("{FAE04EC0-301F-11D3-BF4B-00C04F79EFBC}") = "ChatAyi.Search.Core.Tests", "ChatAyi.Search.Core.Tests\ChatAyi.Search.Core.Tests.csproj", "{8C0CDA52-8994-4AD1-A981-E2F1B990D5DC}"
EndProject
Global
	GlobalSection(SolutionConfigurationPlatforms) = preSolution
		Debug|Any CPU = Debug|Any CPU
		Debug|x64 = Debug|x64
		Debug|x86 = Debug|x86
		Release|Any CPU = Release|Any CPU
		Release|x64 = Release|x64
		Release|x86 = Release|x86
	EndGlobalSection
	GlobalSection(ProjectConfigurationPlatforms) = postSolution
		{A6F786C0-5A4C-4AA6-9B94-559A10947493}.Debug|Any CPU.ActiveCfg = Debug|Any CPU
		{A6F786C0-5A4C-4AA6-9B94-559A10947493}.Debug|Any CPU.Build.0 = Debug|Any CPU
		{A6F786C0-5A4C-4AA6-9B94-559A10947493}.Debug|Any CPU.Deploy.0 = Debug|Any CPU
		{A6F786C0-5A4C-4AA6-9B94-559A10947493}.Debug|x64.ActiveCfg = Debug|Any CPU
		{A6F786C0-5A4C-4AA6-9B94-559A10947493}.Debug|x64.Build.0 = Debug|Any CPU
		{A6F786C0-5A4C-4AA6-9B94-559A10947493}.Debug|x86.ActiveCfg = Debug|Any CPU
		{A6F786C0-5A4C-4AA6-9B94-559A10947493}.Debug|x86.Build.0 = Debug|Any CPU
		{A6F786C0-5A4C-4AA6-9B94-559A10947493}.Release|Any CPU.ActiveCfg = Release|Any CPU
		{A6F786C0-5A4C-4AA6-9B94-559A10947493}.Release|Any CPU.Build.0 = Release|Any CPU
		{A6F786C0-5A4C-4AA6-9B94-559A10947493}.Release|Any CPU.Deploy.0 = Release|Any CPU
		{A6F786C0-5A4C-4AA6-9B94-559A10947493}.Release|x64.ActiveCfg = Release|Any CPU
		{A6F786C0-5A4C-4AA6-9B94-559A10947493}.Release|x64.Build.0 = Release|Any CPU
		{A6F786C0-5A4C-4AA6-9B94-559A10947493}.Release|x86.ActiveCfg = Release|Any CPU
		{A6F786C0-5A4C-4AA6-9B94-559A10947493}.Release|x86.Build.0 = Release|Any CPU
		{F21ADCEC-C30D-448A-B059-A7CF5B3FB0FD}.Debug|Any CPU.ActiveCfg = Debug|Any CPU
		{F21ADCEC-C30D-448A-B059-A7CF5B3FB0FD}.Debug|Any CPU.Build.0 = Debug|Any CPU
		{F21ADCEC-C30D-448A-B059-A7CF5B3FB0FD}.Debug|x64.ActiveCfg = Debug|Any CPU
		{F21ADCEC-C30D-448A-B059-A7CF5B3FB0FD}.Debug|x64.Build.0 = Debug|Any CPU
		{F21ADCEC-C30D-448A-B059-A7CF5B3FB0FD}.Debug|x86.ActiveCfg = Debug|Any CPU
		{F21ADCEC-C30D-448A-B059-A7CF5B3FB0FD}.Debug|x86.Build.0 = Debug|Any CPU
		{F21ADCEC-C30D-448A-B059-A7CF5B3FB0FD}.Release|Any CPU.ActiveCfg = Release|Any CPU
		{F21ADCEC-C30D-448A-B059-A7CF5B3FB0FD}.Release|Any CPU.Build.0 = Release|Any CPU
		{F21ADCEC-C30D-448A-B059-A7CF5B3FB0FD}.Release|x64.ActiveCfg = Release|Any CPU
		{F21ADCEC-C30D-448A-B059-A7CF5B3FB0FD}.Release|x64.Build.0 = Release|Any CPU
		{F21ADCEC-C30D-448A-B059-A7CF5B3FB0FD}.Release|x86.ActiveCfg = Release|Any CPU
		{F21ADCEC-C30D-448A-B059-A7CF5B3FB0FD}.Release|x86.Build.0 = Release|Any CPU
		{8C0CDA52-8994-4AD1-A981-E2F1B990D5DC}.Debug|Any CPU.ActiveCfg = Debug|Any CPU
		{8C0CDA52-8994-4AD1-A981-E2F1B990D5DC}.Debug|Any CPU.Build.0 = Debug|Any CPU
		{8C0CDA52-8994-4AD1-A981-E2F1B990D5DC}.Debug|x64.ActiveCfg = Debug|Any CPU
		{8C0CDA52-8994-4AD1-A981-E2F1B990D5DC}.Debug|x64.Build.0 = Debug|Any CPU
		{8C0CDA52-8994-4AD1-A981-E2F1B990D5DC}.Debug|x86.ActiveCfg = Debug|Any CPU
		{8C0CDA52-8994-4AD1-A981-E2F1B990D5DC}.Debug|x86.Build.0 = Debug|Any CPU
		{8C0CDA52-8994-4AD1-A981-E2F1B990D5DC}.Release|Any CPU.ActiveCfg = Release|Any CPU
		{8C0CDA52-8994-4AD1-A981-E2F1B990D5DC}.Release|Any CPU.Build.0 = Release|Any CPU
		{8C0CDA52-8994-4AD1-A981-E2F1B990D5DC}.Release|x64.ActiveCfg = Release|Any CPU
		{8C0CDA52-8994-4AD1-A981-E2F1B990D5DC}.Release|x64.Build.0 = Release|Any CPU
		{8C0CDA52-8994-4AD1-A981-E2F1B990D5DC}.Release|x86.ActiveCfg = Release|Any CPU
		{8C0CDA52-8994-4AD1-A981-E2F1B990D5DC}.Release|x86.Build.0 = Release|Any CPU
	EndGlobalSection
	GlobalSection(SolutionProperties) = preSolution
		HideSolutionNode = FALSE
	EndGlobalSection
	GlobalSection(ExtensibilityGlobals) = postSolution
		SolutionGuid = {9F929AB7-6F0F-4109-952A-DC952653037C}
	EndGlobalSection
EndGlobal
